
Microsoft Visual Studio Solution File, Format Version 12.00
# Visual Studio Version 16
VisualStudioVersion = 16.0.30517.126
MinimumVisualStudioVersion = 10.0.40219.1
Project("{888888A0-9F3D-457C-B088-3A5042F75D52}") = "Lab_2(python)", "Lab_2(python)\Lab_2(python).pyproj", "{EA85110B-6DC1-4269-AF71-E3F649DE540A}"
EndProject
Global
	GlobalSection(SolutionConfigurationPlatforms) = preSolution
		Debug|Any CPU = Debug|Any CPU
		Release|Any CPU = Release|Any CPU
	EndGlobalSection
	GlobalSection(ProjectConfigurationPlatforms) = postSolution
		{EA85110B-6DC1-4269-AF71-E3F649DE540A}.Debug|Any CPU.ActiveCfg = Debug|Any CPU
		{EA85110B-6DC1-4269-AF71-E3F649DE540A}.Release|Any CPU.ActiveCfg = Release|Any CPU
	EndGlobalSection
	GlobalSection(SolutionProperties) = preSolution
		HideSolutionNode = FALSE
	EndGlobalSection
	GlobalSection(ExtensibilityGlobals) = postSolution
		SolutionGuid = {408483E8-BBF5-4B54-BCAF-2CCA590D56BA}
	EndGlobalSection
EndGlobal
