
Microsoft Visual Studio Solution File, Format Version 12.00
# Visual Studio Version 16
VisualStudioVersion = 16.0.30517.126
MinimumVisualStudioVersion = 10.0.40219.1
Project("{888888A0-9F3D-457C-B088-3A5042F75D52}") = "Lab_9(python)", "Lab_9(python)\Lab_9(python).pyproj", "{0D4352A6-9195-4933-8EE2-19618A4135E1}"
EndProject
Global
	GlobalSection(SolutionConfigurationPlatforms) = preSolution
		Debug|Any CPU = Debug|Any CPU
		Release|Any CPU = Release|Any CPU
	EndGlobalSection
	GlobalSection(ProjectConfigurationPlatforms) = postSolution
		{0D4352A6-9195-4933-8EE2-19618A4135E1}.Debug|Any CPU.ActiveCfg = Debug|Any CPU
		{0D4352A6-9195-4933-8EE2-19618A4135E1}.Release|Any CPU.ActiveCfg = Release|Any CPU
	EndGlobalSection
	GlobalSection(SolutionProperties) = preSolution
		HideSolutionNode = FALSE
	EndGlobalSection
	GlobalSection(ExtensibilityGlobals) = postSolution
		SolutionGuid = {F1F3975D-2DDD-474A-B7E2-D171D28C53A8}
	EndGlobalSection
EndGlobal
