
Microsoft Visual Studio Solution File, Format Version 12.00
# Visual Studio Version 16
VisualStudioVersion = 16.0.30517.126
MinimumVisualStudioVersion = 10.0.40219.1
Project("{888888A0-9F3D-457C-B088-3A5042F75D52}") = "Lab_1(python)", "Lab_1(python)\Lab_1(python).pyproj", "{0179DCB7-33B0-4167-96EA-F225D223606C}"
EndProject
Global
	GlobalSection(SolutionConfigurationPlatforms) = preSolution
		Debug|Any CPU = Debug|Any CPU
		Release|Any CPU = Release|Any CPU
	EndGlobalSection
	GlobalSection(ProjectConfigurationPlatforms) = postSolution
		{0179DCB7-33B0-4167-96EA-F225D223606C}.Debug|Any CPU.ActiveCfg = Debug|Any CPU
		{0179DCB7-33B0-4167-96EA-F225D223606C}.Release|Any CPU.ActiveCfg = Release|Any CPU
	EndGlobalSection
	GlobalSection(SolutionProperties) = preSolution
		HideSolutionNode = FALSE
	EndGlobalSection
	GlobalSection(ExtensibilityGlobals) = postSolution
		SolutionGuid = {FF9A47FB-9A93-476C-BA6A-C7B9C8104A36}
	EndGlobalSection
EndGlobal
