
Microsoft Visual Studio Solution File, Format Version 12.00
# Visual Studio Version 16
VisualStudioVersion = 16.0.30517.126
MinimumVisualStudioVersion = 10.0.40219.1
Project("{8BC9CEB8-8B4A-11D0-8D11-00A0C91BC942}") = "Lab_9(c++)", "Lab_9(c++)\Lab_9(c++).vcxproj", "{1D3687CF-A208-4EE4-8DCB-99E4CC2803E3}"
EndProject
Global
	GlobalSection(SolutionConfigurationPlatforms) = preSolution
		Debug|x64 = Debug|x64
		Debug|x86 = Debug|x86
		Release|x64 = Release|x64
		Release|x86 = Release|x86
	EndGlobalSection
	GlobalSection(ProjectConfigurationPlatforms) = postSolution
		{1D3687CF-A208-4EE4-8DCB-99E4CC2803E3}.Debug|x64.ActiveCfg = Debug|x64
		{1D3687CF-A208-4EE4-8DCB-99E4CC2803E3}.Debug|x64.Build.0 = Debug|x64
		{1D3687CF-A208-4EE4-8DCB-99E4CC2803E3}.Debug|x86.ActiveCfg = Debug|Win32
		{1D3687CF-A208-4EE4-8DCB-99E4CC2803E3}.Debug|x86.Build.0 = Debug|Win32
		{1D3687CF-A208-4EE4-8DCB-99E4CC2803E3}.Release|x64.ActiveCfg = Release|x64
		{1D3687CF-A208-4EE4-8DCB-99E4CC2803E3}.Release|x64.Build.0 = Release|x64
		{1D3687CF-A208-4EE4-8DCB-99E4CC2803E3}.Release|x86.ActiveCfg = Release|Win32
		{1D3687CF-A208-4EE4-8DCB-99E4CC2803E3}.Release|x86.Build.0 = Release|Win32
	EndGlobalSection
	GlobalSection(SolutionProperties) = preSolution
		HideSolutionNode = FALSE
	EndGlobalSection
	GlobalSection(ExtensibilityGlobals) = postSolution
		SolutionGuid = {57009D3B-8203-4AD6-A0FB-2527D899660B}
	EndGlobalSection
EndGlobal
